
Microsoft Visual Studio Solution File, Format Version 12.00
# Visual Studio 14
VisualStudioVersion = 14.0.25420.1
MinimumVisualStudioVersion = 10.0.40219.1
Project("{FAE04EC0-301F-11D3-BF4B-00C04F79EFBC}") = "Scheduler", "Scheduler\Scheduler.csproj", "{CDCB2A84-B64A-4992-94E1-26A309C9914C}"
EndProject
Project("{FAE04EC0-301F-11D3-BF4B-00C04F79EFBC}") = "Scheduler.Core", "Scheduler.Core\Scheduler.Core.csproj", "{3932953E-07EA-4B04-B266-229B2603DF72}"
EndProject
Project("{2150E333-8FDC-42A3-9474-1A3956D46DE8}") = "Jobs", "Jobs", "{0EB21617-FE48-4C9A-ACB9-625B2FBA709A}"
EndProject
Project("{FAE04EC0-301F-11D3-BF4B-00C04F79EFBC}") = "ASX.Market.Jobs", "Jobs\ASX.Market.Jobs\ASX.Market.Jobs.csproj", "{BD151B7A-E125-44F0-B0A8-D5106B8F185F}"
EndProject
Project("{FAE04EC0-301F-11D3-BF4B-00C04F79EFBC}") = "Scheduler.Configuration", "Scheduler.Configuration\Scheduler.Configuration.csproj", "{F11CF825-EB63-4D2A-9AB8-562F0E80864D}"
EndProject
Project("{FAE04EC0-301F-11D3-BF4B-00C04F79EFBC}") = "BET.Market.Jobs", "Jobs\Racing.Market.Jobs\BET.Market.Jobs.csproj", "{108E3074-3FC4-4975-915D-932DC112F65E}"
EndProject
Project("{FAE04EC0-301F-11D3-BF4B-00C04F79EFBC}") = "Testing.Jobs", "Jobs\Testing.Jobs\Testing.Jobs.csproj", "{02D6B15E-A749-4CC8-8786-BD296D16F3AE}"
EndProject
Global
	GlobalSection(SolutionConfigurationPlatforms) = preSolution
		Debug|Any CPU = Debug|Any CPU
		Release|Any CPU = Release|Any CPU
	EndGlobalSection
	GlobalSection(ProjectConfigurationPlatforms) = postSolution
		{CDCB2A84-B64A-4992-94E1-26A309C9914C}.Debug|Any CPU.ActiveCfg = Debug|Any CPU
		{CDCB2A84-B64A-4992-94E1-26A309C9914C}.Debug|Any CPU.Build.0 = Debug|Any CPU
		{CDCB2A84-B64A-4992-94E1-26A309C9914C}.Release|Any CPU.ActiveCfg = Release|Any CPU
		{CDCB2A84-B64A-4992-94E1-26A309C9914C}.Release|Any CPU.Build.0 = Release|Any CPU
		{3932953E-07EA-4B04-B266-229B2603DF72}.Debug|Any CPU.ActiveCfg = Debug|Any CPU
		{3932953E-07EA-4B04-B266-229B2603DF72}.Debug|Any CPU.Build.0 = Debug|Any CPU
		{3932953E-07EA-4B04-B266-229B2603DF72}.Release|Any CPU.ActiveCfg = Release|Any CPU
		{3932953E-07EA-4B04-B266-229B2603DF72}.Release|Any CPU.Build.0 = Release|Any CPU
		{BD151B7A-E125-44F0-B0A8-D5106B8F185F}.Debug|Any CPU.ActiveCfg = Debug|Any CPU
		{BD151B7A-E125-44F0-B0A8-D5106B8F185F}.Debug|Any CPU.Build.0 = Debug|Any CPU
		{BD151B7A-E125-44F0-B0A8-D5106B8F185F}.Release|Any CPU.ActiveCfg = Release|Any CPU
		{BD151B7A-E125-44F0-B0A8-D5106B8F185F}.Release|Any CPU.Build.0 = Release|Any CPU
		{F11CF825-EB63-4D2A-9AB8-562F0E80864D}.Debug|Any CPU.ActiveCfg = Debug|Any CPU
		{F11CF825-EB63-4D2A-9AB8-562F0E80864D}.Debug|Any CPU.Build.0 = Debug|Any CPU
		{F11CF825-EB63-4D2A-9AB8-562F0E80864D}.Release|Any CPU.ActiveCfg = Release|Any CPU
		{F11CF825-EB63-4D2A-9AB8-562F0E80864D}.Release|Any CPU.Build.0 = Release|Any CPU
		{108E3074-3FC4-4975-915D-932DC112F65E}.Debug|Any CPU.ActiveCfg = Debug|Any CPU
		{108E3074-3FC4-4975-915D-932DC112F65E}.Debug|Any CPU.Build.0 = Debug|Any CPU
		{108E3074-3FC4-4975-915D-932DC112F65E}.Release|Any CPU.ActiveCfg = Release|Any CPU
		{108E3074-3FC4-4975-915D-932DC112F65E}.Release|Any CPU.Build.0 = Release|Any CPU
		{02D6B15E-A749-4CC8-8786-BD296D16F3AE}.Debug|Any CPU.ActiveCfg = Debug|Any CPU
		{02D6B15E-A749-4CC8-8786-BD296D16F3AE}.Debug|Any CPU.Build.0 = Debug|Any CPU
		{02D6B15E-A749-4CC8-8786-BD296D16F3AE}.Release|Any CPU.ActiveCfg = Release|Any CPU
		{02D6B15E-A749-4CC8-8786-BD296D16F3AE}.Release|Any CPU.Build.0 = Release|Any CPU
	EndGlobalSection
	GlobalSection(SolutionProperties) = preSolution
		HideSolutionNode = FALSE
	EndGlobalSection
	GlobalSection(NestedProjects) = preSolution
		{BD151B7A-E125-44F0-B0A8-D5106B8F185F} = {0EB21617-FE48-4C9A-ACB9-625B2FBA709A}
		{108E3074-3FC4-4975-915D-932DC112F65E} = {0EB21617-FE48-4C9A-ACB9-625B2FBA709A}
		{02D6B15E-A749-4CC8-8786-BD296D16F3AE} = {0EB21617-FE48-4C9A-ACB9-625B2FBA709A}
	EndGlobalSection
EndGlobal
